
Microsoft Visual Studio Solution File, Format Version 12.00
# Visual Studio Version 17
VisualStudioVersion = 17.0.31903.59
MinimumVisualStudioVersion = 10.0.40219.1
Project("{FAE04EC0-301F-11D3-BF4B-00C04F79EFBC}") = "SerilogDemo", "SerilogDemo\SerilogDemo.csproj", "{468FA522-7907-404F-99B9-1B72B872280B}"
EndProject
Global
	GlobalSection(SolutionConfigurationPlatforms) = preSolution
		Debug|Any CPU = Debug|Any CPU
		Release|Any CPU = Release|Any CPU
	EndGlobalSection
	GlobalSection(ProjectConfigurationPlatforms) = postSolution
		{468FA522-7907-404F-99B9-1B72B872280B}.Debug|Any CPU.ActiveCfg = Debug|Any CPU
		{468FA522-7907-404F-99B9-1B72B872280B}.Debug|Any CPU.Build.0 = Debug|Any CPU
		{468FA522-7907-404F-99B9-1B72B872280B}.Release|Any CPU.ActiveCfg = Release|Any CPU
		{468FA522-7907-404F-99B9-1B72B872280B}.Release|Any CPU.Build.0 = Release|Any CPU
	EndGlobalSection
	GlobalSection(SolutionProperties) = preSolution
		HideSolutionNode = FALSE
	EndGlobalSection
	GlobalSection(ExtensibilityGlobals) = postSolution
		SolutionGuid = {0BEF65AB-1099-4EEC-A587-EFA545970A1A}
	EndGlobalSection
EndGlobal
